
Microsoft Visual Studio Solution File, Format Version 12.00
# Visual Studio Version 16
VisualStudioVersion = 16.0.29424.173
MinimumVisualStudioVersion = 10.0.40219.1
Project("{F184B08F-C81C-45F6-A57F-5ABD9991F28F}") = "Nanopolis", "Nanopolis\Nanopolis.vbproj", "{E5FB65E4-5CC5-4D96-81CB-C932E00010F5}"
EndProject
Project("{2150E333-8FDC-42A3-9474-1A3956D46DE8}") = "Solution Items", "Solution Items", "{F87A8C87-850D-462E-B08B-C5D1A6192A3E}"
EndProject
Global
	GlobalSection(SolutionConfigurationPlatforms) = preSolution
		Debug|Any CPU = Debug|Any CPU
		Release|Any CPU = Release|Any CPU
	EndGlobalSection
	GlobalSection(ProjectConfigurationPlatforms) = postSolution
		{E5FB65E4-5CC5-4D96-81CB-C932E00010F5}.Debug|Any CPU.ActiveCfg = Debug|Any CPU
		{E5FB65E4-5CC5-4D96-81CB-C932E00010F5}.Debug|Any CPU.Build.0 = Debug|Any CPU
		{E5FB65E4-5CC5-4D96-81CB-C932E00010F5}.Release|Any CPU.ActiveCfg = Release|Any CPU
		{E5FB65E4-5CC5-4D96-81CB-C932E00010F5}.Release|Any CPU.Build.0 = Release|Any CPU
	EndGlobalSection
	GlobalSection(SolutionProperties) = preSolution
		HideSolutionNode = FALSE
	EndGlobalSection
	GlobalSection(ExtensibilityGlobals) = postSolution
		SolutionGuid = {072A1CB0-6163-48AD-9982-273B78A68CA9}
	EndGlobalSection
EndGlobal
